
Microsoft Visual Studio Solution File, Format Version 12.00
# Visual Studio Version 17
VisualStudioVersion = 17.14.36429.23 d17.14
MinimumVisualStudioVersion = 10.0.40219.1
Project("{FAE04EC0-301F-11D3-BF4B-00C04F79EFBC}") = "Lab_1", "Lab_1\Lab_1.csproj", "{DBA76D48-A5CD-47F9-A257-DC4B250AD814}"
EndProject
Global
	GlobalSection(SolutionConfigurationPlatforms) = preSolution
		Debug|Any CPU = Debug|Any CPU
		Release|Any CPU = Release|Any CPU
	EndGlobalSection
	GlobalSection(ProjectConfigurationPlatforms) = postSolution
		{DBA76D48-A5CD-47F9-A257-DC4B250AD814}.Debug|Any CPU.ActiveCfg = Debug|Any CPU
		{DBA76D48-A5CD-47F9-A257-DC4B250AD814}.Debug|Any CPU.Build.0 = Debug|Any CPU
		{DBA76D48-A5CD-47F9-A257-DC4B250AD814}.Release|Any CPU.ActiveCfg = Release|Any CPU
		{DBA76D48-A5CD-47F9-A257-DC4B250AD814}.Release|Any CPU.Build.0 = Release|Any CPU
	EndGlobalSection
	GlobalSection(SolutionProperties) = preSolution
		HideSolutionNode = FALSE
	EndGlobalSection
	GlobalSection(ExtensibilityGlobals) = postSolution
		SolutionGuid = {DD9624BD-4CBA-41C2-BB52-1C0C2C781FD4}
	EndGlobalSection
EndGlobal
